// !$*UTF8*$!
{
	archiveVersion = 1;
	classes = {
	};
	objectVersion = 52;
	objects = {

/* Begin PBXBuildFile section */
		A010E060232F1F010003E524 /* AnyUserDefaults.framework in Frameworks */ = {isa = PBXBuildFile; fileRef = A010E056232F1F010003E524 /* AnyUserDefaults.framework */; };
		A010E082232F1F3E0003E524 /* DefaultKey.swift in Sources */ = {isa = PBXBuildFile; fileRef = A010E077232F1F3E0003E524 /* DefaultKey.swift */; };
		A010E083232F1F3E0003E524 /* UserDefault.swift in Sources */ = {isa = PBXBuildFile; fileRef = A010E078232F1F3E0003E524 /* UserDefault.swift */; };
		A010E084232F1F3E0003E524 /* Ex+UserDefaults.swift in Sources */ = {isa = PBXBuildFile; fileRef = A010E079232F1F3E0003E524 /* Ex+UserDefaults.swift */; };
		A010E085232F1F3E0003E524 /* DefaultPolicy.swift in Sources */ = {isa = PBXBuildFile; fileRef = A010E07A232F1F3E0003E524 /* DefaultPolicy.swift */; };
		A010E086232F1F3E0003E524 /* DefaultAdapter.swift in Sources */ = {isa = PBXBuildFile; fileRef = A010E07B232F1F3E0003E524 /* DefaultAdapter.swift */; };
		A010E087232F1F3E0003E524 /* DefaultKeyStore.swift in Sources */ = {isa = PBXBuildFile; fileRef = A010E07C232F1F3E0003E524 /* DefaultKeyStore.swift */; };
		A010E088232F1F3E0003E524 /* DefaultValue.swift in Sources */ = {isa = PBXBuildFile; fileRef = A010E07D232F1F3E0003E524 /* DefaultValue.swift */; };
		A010E089232F1F3E0003E524 /* DefaultArrayValue.swift in Sources */ = {isa = PBXBuildFile; fileRef = A010E07E232F1F3E0003E524 /* DefaultArrayValue.swift */; };
		A010E08B232F1F4B0003E524 /* AnyUserDefaultsTests.swift in Sources */ = {isa = PBXBuildFile; fileRef = A010E073232F1F3D0003E524 /* AnyUserDefaultsTests.swift */; };
		A010E08F232F1FEA0003E524 /* AnyUserDefaults.h in Headers */ = {isa = PBXBuildFile; fileRef = A010E08D232F1FEA0003E524 /* AnyUserDefaults.h */; settings = {ATTRIBUTES = (Public, ); }; };
		A057B39D232F24A90092A572 /* DefaultKey.swift in Sources */ = {isa = PBXBuildFile; fileRef = A010E077232F1F3E0003E524 /* DefaultKey.swift */; };
		A057B39E232F24A90092A572 /* UserDefault.swift in Sources */ = {isa = PBXBuildFile; fileRef = A010E078232F1F3E0003E524 /* UserDefault.swift */; };
		A057B39F232F24A90092A572 /* Ex+UserDefaults.swift in Sources */ = {isa = PBXBuildFile; fileRef = A010E079232F1F3E0003E524 /* Ex+UserDefaults.swift */; };
		A057B3A0232F24A90092A572 /* DefaultPolicy.swift in Sources */ = {isa = PBXBuildFile; fileRef = A010E07A232F1F3E0003E524 /* DefaultPolicy.swift */; };
		A057B3A1232F24A90092A572 /* DefaultAdapter.swift in Sources */ = {isa = PBXBuildFile; fileRef = A010E07B232F1F3E0003E524 /* DefaultAdapter.swift */; };
		A057B3A2232F24A90092A572 /* DefaultKeyStore.swift in Sources */ = {isa = PBXBuildFile; fileRef = A010E07C232F1F3E0003E524 /* DefaultKeyStore.swift */; };
		A057B3A3232F24A90092A572 /* DefaultValue.swift in Sources */ = {isa = PBXBuildFile; fileRef = A010E07D232F1F3E0003E524 /* DefaultValue.swift */; };
		A057B3A4232F24A90092A572 /* DefaultArrayValue.swift in Sources */ = {isa = PBXBuildFile; fileRef = A010E07E232F1F3E0003E524 /* DefaultArrayValue.swift */; };
		A057B3A5232F24AD0092A572 /* AnyUserDefaults.h in Headers */ = {isa = PBXBuildFile; fileRef = A010E08D232F1FEA0003E524 /* AnyUserDefaults.h */; settings = {ATTRIBUTES = (Public, ); }; };
		A099CC37232F27B10023CC3D /* DefaultKey.swift in Sources */ = {isa = PBXBuildFile; fileRef = A010E077232F1F3E0003E524 /* DefaultKey.swift */; };
		A099CC38232F27B10023CC3D /* UserDefault.swift in Sources */ = {isa = PBXBuildFile; fileRef = A010E078232F1F3E0003E524 /* UserDefault.swift */; };
		A099CC39232F27B10023CC3D /* Ex+UserDefaults.swift in Sources */ = {isa = PBXBuildFile; fileRef = A010E079232F1F3E0003E524 /* Ex+UserDefaults.swift */; };
		A099CC3A232F27B10023CC3D /* DefaultPolicy.swift in Sources */ = {isa = PBXBuildFile; fileRef = A010E07A232F1F3E0003E524 /* DefaultPolicy.swift */; };
		A099CC3B232F27B10023CC3D /* DefaultAdapter.swift in Sources */ = {isa = PBXBuildFile; fileRef = A010E07B232F1F3E0003E524 /* DefaultAdapter.swift */; };
		A099CC3C232F27B10023CC3D /* DefaultKeyStore.swift in Sources */ = {isa = PBXBuildFile; fileRef = A010E07C232F1F3E0003E524 /* DefaultKeyStore.swift */; };
		A099CC3D232F27B10023CC3D /* DefaultValue.swift in Sources */ = {isa = PBXBuildFile; fileRef = A010E07D232F1F3E0003E524 /* DefaultValue.swift */; };
		A099CC3E232F27B10023CC3D /* DefaultArrayValue.swift in Sources */ = {isa = PBXBuildFile; fileRef = A010E07E232F1F3E0003E524 /* DefaultArrayValue.swift */; };
		A099CC3F232F27B40023CC3D /* AnyUserDefaults.h in Headers */ = {isa = PBXBuildFile; fileRef = A010E08D232F1FEA0003E524 /* AnyUserDefaults.h */; settings = {ATTRIBUTES = (Public, ); }; };
		A099CC4D232F29FE0023CC3D /* DefaultKey.swift in Sources */ = {isa = PBXBuildFile; fileRef = A010E077232F1F3E0003E524 /* DefaultKey.swift */; };
		A099CC4E232F29FE0023CC3D /* UserDefault.swift in Sources */ = {isa = PBXBuildFile; fileRef = A010E078232F1F3E0003E524 /* UserDefault.swift */; };
		A099CC4F232F29FE0023CC3D /* Ex+UserDefaults.swift in Sources */ = {isa = PBXBuildFile; fileRef = A010E079232F1F3E0003E524 /* Ex+UserDefaults.swift */; };
		A099CC50232F29FE0023CC3D /* DefaultPolicy.swift in Sources */ = {isa = PBXBuildFile; fileRef = A010E07A232F1F3E0003E524 /* DefaultPolicy.swift */; };
		A099CC51232F29FE0023CC3D /* DefaultAdapter.swift in Sources */ = {isa = PBXBuildFile; fileRef = A010E07B232F1F3E0003E524 /* DefaultAdapter.swift */; };
		A099CC52232F29FE0023CC3D /* DefaultKeyStore.swift in Sources */ = {isa = PBXBuildFile; fileRef = A010E07C232F1F3E0003E524 /* DefaultKeyStore.swift */; };
		A099CC53232F29FE0023CC3D /* DefaultValue.swift in Sources */ = {isa = PBXBuildFile; fileRef = A010E07D232F1F3E0003E524 /* DefaultValue.swift */; };
		A099CC54232F29FE0023CC3D /* DefaultArrayValue.swift in Sources */ = {isa = PBXBuildFile; fileRef = A010E07E232F1F3E0003E524 /* DefaultArrayValue.swift */; };
		A099CC55232F2A020023CC3D /* AnyUserDefaults.h in Headers */ = {isa = PBXBuildFile; fileRef = A010E08D232F1FEA0003E524 /* AnyUserDefaults.h */; settings = {ATTRIBUTES = (Public, ); }; };
/* End PBXBuildFile section */

/* Begin PBXContainerItemProxy section */
		A010E061232F1F010003E524 /* PBXContainerItemProxy */ = {
			isa = PBXContainerItemProxy;
			containerPortal = A010E04D232F1F010003E524 /* Project object */;
			proxyType = 1;
			remoteGlobalIDString = A010E055232F1F010003E524;
			remoteInfo = AnyUserDefaults;
		};
/* End PBXContainerItemProxy section */

/* Begin PBXFileReference section */
		A010E056232F1F010003E524 /* AnyUserDefaults.framework */ = {isa = PBXFileReference; explicitFileType = wrapper.framework; includeInIndex = 0; path = AnyUserDefaults.framework; sourceTree = BUILT_PRODUCTS_DIR; };
		A010E05F232F1F010003E524 /* AnyUserDefaultsTests.xctest */ = {isa = PBXFileReference; explicitFileType = wrapper.cfbundle; includeInIndex = 0; path = AnyUserDefaultsTests.xctest; sourceTree = BUILT_PRODUCTS_DIR; };
		A010E071232F1F3D0003E524 /* LinuxMain.swift */ = {isa = PBXFileReference; fileEncoding = 4; lastKnownFileType = sourcecode.swift; path = LinuxMain.swift; sourceTree = "<group>"; };
		A010E073232F1F3D0003E524 /* AnyUserDefaultsTests.swift */ = {isa = PBXFileReference; fileEncoding = 4; lastKnownFileType = sourcecode.swift; path = AnyUserDefaultsTests.swift; sourceTree = "<group>"; };
		A010E074232F1F3D0003E524 /* XCTestManifests.swift */ = {isa = PBXFileReference; fileEncoding = 4; lastKnownFileType = sourcecode.swift; path = XCTestManifests.swift; sourceTree = "<group>"; };
		A010E077232F1F3E0003E524 /* DefaultKey.swift */ = {isa = PBXFileReference; fileEncoding = 4; lastKnownFileType = sourcecode.swift; path = DefaultKey.swift; sourceTree = "<group>"; };
		A010E078232F1F3E0003E524 /* UserDefault.swift */ = {isa = PBXFileReference; fileEncoding = 4; lastKnownFileType = sourcecode.swift; path = UserDefault.swift; sourceTree = "<group>"; };
		A010E079232F1F3E0003E524 /* Ex+UserDefaults.swift */ = {isa = PBXFileReference; fileEncoding = 4; lastKnownFileType = sourcecode.swift; path = "Ex+UserDefaults.swift"; sourceTree = "<group>"; };
		A010E07A232F1F3E0003E524 /* DefaultPolicy.swift */ = {isa = PBXFileReference; fileEncoding = 4; lastKnownFileType = sourcecode.swift; path = DefaultPolicy.swift; sourceTree = "<group>"; };
		A010E07B232F1F3E0003E524 /* DefaultAdapter.swift */ = {isa = PBXFileReference; fileEncoding = 4; lastKnownFileType = sourcecode.swift; path = DefaultAdapter.swift; sourceTree = "<group>"; };
		A010E07C232F1F3E0003E524 /* DefaultKeyStore.swift */ = {isa = PBXFileReference; fileEncoding = 4; lastKnownFileType = sourcecode.swift; path = DefaultKeyStore.swift; sourceTree = "<group>"; };
		A010E07D232F1F3E0003E524 /* DefaultValue.swift */ = {isa = PBXFileReference; fileEncoding = 4; lastKnownFileType = sourcecode.swift; path = DefaultValue.swift; sourceTree = "<group>"; };
		A010E07E232F1F3E0003E524 /* DefaultArrayValue.swift */ = {isa = PBXFileReference; fileEncoding = 4; lastKnownFileType = sourcecode.swift; path = DefaultArrayValue.swift; sourceTree = "<group>"; };
		A010E08D232F1FEA0003E524 /* AnyUserDefaults.h */ = {isa = PBXFileReference; fileEncoding = 4; lastKnownFileType = sourcecode.c.h; path = AnyUserDefaults.h; sourceTree = "<group>"; };
		A010E08E232F1FEA0003E524 /* Info.plist */ = {isa = PBXFileReference; fileEncoding = 4; lastKnownFileType = text.plist.xml; path = Info.plist; sourceTree = "<group>"; };
		A010E091232F20180003E524 /* Info.plist */ = {isa = PBXFileReference; fileEncoding = 4; lastKnownFileType = text.plist.xml; path = Info.plist; sourceTree = "<group>"; };
		A057B38D232F237B0092A572 /* LICENSE */ = {isa = PBXFileReference; lastKnownFileType = text; path = LICENSE; sourceTree = "<group>"; };
		A057B38E232F237B0092A572 /* README.md */ = {isa = PBXFileReference; lastKnownFileType = net.daringfireball.markdown; path = README.md; sourceTree = "<group>"; };
		A057B38F232F238C0092A572 /* AnyUserDefaults.podspec */ = {isa = PBXFileReference; lastKnownFileType = text; path = AnyUserDefaults.podspec; sourceTree = "<group>"; };
		A057B395232F23EC0092A572 /* AnyUserDefaults.framework */ = {isa = PBXFileReference; explicitFileType = wrapper.framework; includeInIndex = 0; path = AnyUserDefaults.framework; sourceTree = BUILT_PRODUCTS_DIR; };
		A099CC2F232F26FC0023CC3D /* AnyUserDefaults.framework */ = {isa = PBXFileReference; explicitFileType = wrapper.framework; includeInIndex = 0; path = AnyUserDefaults.framework; sourceTree = BUILT_PRODUCTS_DIR; };
		A099CC45232F29C60023CC3D /* AnyUserDefaults.framework */ = {isa = PBXFileReference; explicitFileType = wrapper.framework; includeInIndex = 0; path = AnyUserDefaults.framework; sourceTree = BUILT_PRODUCTS_DIR; };
/* End PBXFileReference section */

/* Begin PBXFrameworksBuildPhase section */
		A010E053232F1F010003E524 /* Frameworks */ = {
			isa = PBXFrameworksBuildPhase;
			buildActionMask = 2147483647;
			files = (
			);
			runOnlyForDeploymentPostprocessing = 0;
		};
		A010E05C232F1F010003E524 /* Frameworks */ = {
			isa = PBXFrameworksBuildPhase;
			buildActionMask = 2147483647;
			files = (
				A010E060232F1F010003E524 /* AnyUserDefaults.framework in Frameworks */,
			);
			runOnlyForDeploymentPostprocessing = 0;
		};
		A057B392232F23EC0092A572 /* Frameworks */ = {
			isa = PBXFrameworksBuildPhase;
			buildActionMask = 2147483647;
			files = (
			);
			runOnlyForDeploymentPostprocessing = 0;
		};
		A099CC2C232F26FC0023CC3D /* Frameworks */ = {
			isa = PBXFrameworksBuildPhase;
			buildActionMask = 2147483647;
			files = (
			);
			runOnlyForDeploymentPostprocessing = 0;
		};
		A099CC42232F29C60023CC3D /* Frameworks */ = {
			isa = PBXFrameworksBuildPhase;
			buildActionMask = 2147483647;
			files = (
			);
			runOnlyForDeploymentPostprocessing = 0;
		};
/* End PBXFrameworksBuildPhase section */

/* Begin PBXGroup section */
		A010E04C232F1F010003E524 = {
			isa = PBXGroup;
			children = (
				A057B38D232F237B0092A572 /* LICENSE */,
				A057B38E232F237B0092A572 /* README.md */,
				A057B38F232F238C0092A572 /* AnyUserDefaults.podspec */,
				A010E075232F1F3E0003E524 /* Sources */,
				A010E070232F1F3D0003E524 /* Tests */,
				A010E057232F1F010003E524 /* Products */,
			);
			sourceTree = "<group>";
		};
		A010E057232F1F010003E524 /* Products */ = {
			isa = PBXGroup;
			children = (
				A010E056232F1F010003E524 /* AnyUserDefaults.framework */,
				A010E05F232F1F010003E524 /* AnyUserDefaultsTests.xctest */,
				A057B395232F23EC0092A572 /* AnyUserDefaults.framework */,
				A099CC2F232F26FC0023CC3D /* AnyUserDefaults.framework */,
				A099CC45232F29C60023CC3D /* AnyUserDefaults.framework */,
			);
			name = Products;
			sourceTree = "<group>";
		};
		A010E070232F1F3D0003E524 /* Tests */ = {
			isa = PBXGroup;
			children = (
				A010E071232F1F3D0003E524 /* LinuxMain.swift */,
				A010E072232F1F3D0003E524 /* AnyUserDefaultsTests */,
			);
			path = Tests;
			sourceTree = "<group>";
		};
		A010E072232F1F3D0003E524 /* AnyUserDefaultsTests */ = {
			isa = PBXGroup;
			children = (
				A010E091232F20180003E524 /* Info.plist */,
				A010E073232F1F3D0003E524 /* AnyUserDefaultsTests.swift */,
				A010E074232F1F3D0003E524 /* XCTestManifests.swift */,
			);
			path = AnyUserDefaultsTests;
			sourceTree = "<group>";
		};
		A010E075232F1F3E0003E524 /* Sources */ = {
			isa = PBXGroup;
			children = (
				A010E076232F1F3E0003E524 /* AnyUserDefaults */,
			);
			path = Sources;
			sourceTree = "<group>";
		};
		A010E076232F1F3E0003E524 /* AnyUserDefaults */ = {
			isa = PBXGroup;
			children = (
				A010E08D232F1FEA0003E524 /* AnyUserDefaults.h */,
				A010E08E232F1FEA0003E524 /* Info.plist */,
				A010E077232F1F3E0003E524 /* DefaultKey.swift */,
				A010E078232F1F3E0003E524 /* UserDefault.swift */,
				A010E079232F1F3E0003E524 /* Ex+UserDefaults.swift */,
				A010E07A232F1F3E0003E524 /* DefaultPolicy.swift */,
				A010E07B232F1F3E0003E524 /* DefaultAdapter.swift */,
				A010E07C232F1F3E0003E524 /* DefaultKeyStore.swift */,
				A010E07D232F1F3E0003E524 /* DefaultValue.swift */,
				A010E07E232F1F3E0003E524 /* DefaultArrayValue.swift */,
			);
			path = AnyUserDefaults;
			sourceTree = "<group>";
		};
/* End PBXGroup section */

/* Begin PBXHeadersBuildPhase section */
		A010E051232F1F010003E524 /* Headers */ = {
			isa = PBXHeadersBuildPhase;
			buildActionMask = 2147483647;
			files = (
				A010E08F232F1FEA0003E524 /* AnyUserDefaults.h in Headers */,
			);
			runOnlyForDeploymentPostprocessing = 0;
		};
		A057B390232F23EC0092A572 /* Headers */ = {
			isa = PBXHeadersBuildPhase;
			buildActionMask = 2147483647;
			files = (
				A057B3A5232F24AD0092A572 /* AnyUserDefaults.h in Headers */,
			);
			runOnlyForDeploymentPostprocessing = 0;
		};
		A099CC2A232F26FC0023CC3D /* Headers */ = {
			isa = PBXHeadersBuildPhase;
			buildActionMask = 2147483647;
			files = (
				A099CC3F232F27B40023CC3D /* AnyUserDefaults.h in Headers */,
			);
			runOnlyForDeploymentPostprocessing = 0;
		};
		A099CC40232F29C60023CC3D /* Headers */ = {
			isa = PBXHeadersBuildPhase;
			buildActionMask = 2147483647;
			files = (
				A099CC55232F2A020023CC3D /* AnyUserDefaults.h in Headers */,
			);
			runOnlyForDeploymentPostprocessing = 0;
		};
/* End PBXHeadersBuildPhase section */

/* Begin PBXNativeTarget section */
		A010E055232F1F010003E524 /* AnyUserDefaults iOS */ = {
			isa = PBXNativeTarget;
			buildConfigurationList = A010E06A232F1F010003E524 /* Build configuration list for PBXNativeTarget "AnyUserDefaults iOS" */;
			buildPhases = (
				A010E051232F1F010003E524 /* Headers */,
				A010E052232F1F010003E524 /* Sources */,
				A010E053232F1F010003E524 /* Frameworks */,
				A010E054232F1F010003E524 /* Resources */,
			);
			buildRules = (
			);
			dependencies = (
			);
			name = "AnyUserDefaults iOS";
			productName = AnyUserDefaults;
			productReference = A010E056232F1F010003E524 /* AnyUserDefaults.framework */;
			productType = "com.apple.product-type.framework";
		};
		A010E05E232F1F010003E524 /* AnyUserDefaultsTests */ = {
			isa = PBXNativeTarget;
			buildConfigurationList = A010E06D232F1F010003E524 /* Build configuration list for PBXNativeTarget "AnyUserDefaultsTests" */;
			buildPhases = (
				A010E05B232F1F010003E524 /* Sources */,
				A010E05C232F1F010003E524 /* Frameworks */,
				A010E05D232F1F010003E524 /* Resources */,
			);
			buildRules = (
			);
			dependencies = (
				A010E062232F1F010003E524 /* PBXTargetDependency */,
			);
			name = AnyUserDefaultsTests;
			productName = AnyUserDefaultsTests;
			productReference = A010E05F232F1F010003E524 /* AnyUserDefaultsTests.xctest */;
			productType = "com.apple.product-type.bundle.unit-test";
		};
		A057B394232F23EC0092A572 /* AnyUserDefaults macOS */ = {
			isa = PBXNativeTarget;
			buildConfigurationList = A057B39A232F23EC0092A572 /* Build configuration list for PBXNativeTarget "AnyUserDefaults macOS" */;
			buildPhases = (
				A057B390232F23EC0092A572 /* Headers */,
				A057B391232F23EC0092A572 /* Sources */,
				A057B392232F23EC0092A572 /* Frameworks */,
				A057B393232F23EC0092A572 /* Resources */,
			);
			buildRules = (
			);
			dependencies = (
			);
			name = "AnyUserDefaults macOS";
			productName = "AnyUserDefaults macOS";
			productReference = A057B395232F23EC0092A572 /* AnyUserDefaults.framework */;
			productType = "com.apple.product-type.framework";
		};
		A099CC2E232F26FC0023CC3D /* AnyUserDefaults watchOS */ = {
			isa = PBXNativeTarget;
			buildConfigurationList = A099CC36232F26FC0023CC3D /* Build configuration list for PBXNativeTarget "AnyUserDefaults watchOS" */;
			buildPhases = (
				A099CC2A232F26FC0023CC3D /* Headers */,
				A099CC2B232F26FC0023CC3D /* Sources */,
				A099CC2C232F26FC0023CC3D /* Frameworks */,
				A099CC2D232F26FC0023CC3D /* Resources */,
			);
			buildRules = (
			);
			dependencies = (
			);
			name = "AnyUserDefaults watchOS";
			productName = "AnyUserDefaults watchOS";
			productReference = A099CC2F232F26FC0023CC3D /* AnyUserDefaults.framework */;
			productType = "com.apple.product-type.framework";
		};
		A099CC44232F29C60023CC3D /* AnyUserDefaults tvOS */ = {
			isa = PBXNativeTarget;
			buildConfigurationList = A099CC4A232F29C60023CC3D /* Build configuration list for PBXNativeTarget "AnyUserDefaults tvOS" */;
			buildPhases = (
				A099CC40232F29C60023CC3D /* Headers */,
				A099CC41232F29C60023CC3D /* Sources */,
				A099CC42232F29C60023CC3D /* Frameworks */,
				A099CC43232F29C60023CC3D /* Resources */,
			);
			buildRules = (
			);
			dependencies = (
			);
			name = "AnyUserDefaults tvOS";
			productName = "AnyUserDefaults tvOS";
			productReference = A099CC45232F29C60023CC3D /* AnyUserDefaults.framework */;
			productType = "com.apple.product-type.framework";
		};
/* End PBXNativeTarget section */

/* Begin PBXProject section */
		A010E04D232F1F010003E524 /* Project object */ = {
			isa = PBXProject;
			attributes = {
				LastSwiftUpdateCheck = 1100;
				LastUpgradeCheck = 1100;
				ORGANIZATIONNAME = anotheren.com;
				TargetAttributes = {
					A010E055232F1F010003E524 = {
						CreatedOnToolsVersion = 11.0;
					};
					A010E05E232F1F010003E524 = {
						CreatedOnToolsVersion = 11.0;
					};
					A057B394232F23EC0092A572 = {
						CreatedOnToolsVersion = 11.0;
					};
					A099CC2E232F26FC0023CC3D = {
						CreatedOnToolsVersion = 11.0;
					};
					A099CC44232F29C60023CC3D = {
						CreatedOnToolsVersion = 11.0;
					};
				};
			};
			buildConfigurationList = A010E050232F1F010003E524 /* Build configuration list for PBXProject "AnyUserDefaults" */;
			compatibilityVersion = "Xcode 11.0";
			developmentRegion = en;
			hasScannedForEncodings = 0;
			knownRegions = (
				en,
				Base,
			);
			mainGroup = A010E04C232F1F010003E524;
			productRefGroup = A010E057232F1F010003E524 /* Products */;
			projectDirPath = "";
			projectRoot = "";
			targets = (
				A010E055232F1F010003E524 /* AnyUserDefaults iOS */,
				A099CC44232F29C60023CC3D /* AnyUserDefaults tvOS */,
				A057B394232F23EC0092A572 /* AnyUserDefaults macOS */,
				A099CC2E232F26FC0023CC3D /* AnyUserDefaults watchOS */,
				A010E05E232F1F010003E524 /* AnyUserDefaultsTests */,
			);
		};
/* End PBXProject section */

/* Begin PBXResourcesBuildPhase section */
		A010E054232F1F010003E524 /* Resources */ = {
			isa = PBXResourcesBuildPhase;
			buildActionMask = 2147483647;
			files = (
			);
			runOnlyForDeploymentPostprocessing = 0;
		};
		A010E05D232F1F010003E524 /* Resources */ = {
			isa = PBXResourcesBuildPhase;
			buildActionMask = 2147483647;
			files = (
			);
			runOnlyForDeploymentPostprocessing = 0;
		};
		A057B393232F23EC0092A572 /* Resources */ = {
			isa = PBXResourcesBuildPhase;
			buildActionMask = 2147483647;
			files = (
			);
			runOnlyForDeploymentPostprocessing = 0;
		};
		A099CC2D232F26FC0023CC3D /* Resources */ = {
			isa = PBXResourcesBuildPhase;
			buildActionMask = 2147483647;
			files = (
			);
			runOnlyForDeploymentPostprocessing = 0;
		};
		A099CC43232F29C60023CC3D /* Resources */ = {
			isa = PBXResourcesBuildPhase;
			buildActionMask = 2147483647;
			files = (
			);
			runOnlyForDeploymentPostprocessing = 0;
		};
/* End PBXResourcesBuildPhase section */

/* Begin PBXSourcesBuildPhase section */
		A010E052232F1F010003E524 /* Sources */ = {
			isa = PBXSourcesBuildPhase;
			buildActionMask = 2147483647;
			files = (
				A010E087232F1F3E0003E524 /* DefaultKeyStore.swift in Sources */,
				A010E082232F1F3E0003E524 /* DefaultKey.swift in Sources */,
				A010E083232F1F3E0003E524 /* UserDefault.swift in Sources */,
				A010E084232F1F3E0003E524 /* Ex+UserDefaults.swift in Sources */,
				A010E086232F1F3E0003E524 /* DefaultAdapter.swift in Sources */,
				A010E089232F1F3E0003E524 /* DefaultArrayValue.swift in Sources */,
				A010E088232F1F3E0003E524 /* DefaultValue.swift in Sources */,
				A010E085232F1F3E0003E524 /* DefaultPolicy.swift in Sources */,
			);
			runOnlyForDeploymentPostprocessing = 0;
		};
		A010E05B232F1F010003E524 /* Sources */ = {
			isa = PBXSourcesBuildPhase;
			buildActionMask = 2147483647;
			files = (
				A010E08B232F1F4B0003E524 /* AnyUserDefaultsTests.swift in Sources */,
			);
			runOnlyForDeploymentPostprocessing = 0;
		};
		A057B391232F23EC0092A572 /* Sources */ = {
			isa = PBXSourcesBuildPhase;
			buildActionMask = 2147483647;
			files = (
				A057B3A1232F24A90092A572 /* DefaultAdapter.swift in Sources */,
				A057B3A2232F24A90092A572 /* DefaultKeyStore.swift in Sources */,
				A057B39F232F24A90092A572 /* Ex+UserDefaults.swift in Sources */,
				A057B3A4232F24A90092A572 /* DefaultArrayValue.swift in Sources */,
				A057B3A3232F24A90092A572 /* DefaultValue.swift in Sources */,
				A057B39E232F24A90092A572 /* UserDefault.swift in Sources */,
				A057B39D232F24A90092A572 /* DefaultKey.swift in Sources */,
				A057B3A0232F24A90092A572 /* DefaultPolicy.swift in Sources */,
			);
			runOnlyForDeploymentPostprocessing = 0;
		};
		A099CC2B232F26FC0023CC3D /* Sources */ = {
			isa = PBXSourcesBuildPhase;
			buildActionMask = 2147483647;
			files = (
				A099CC3B232F27B10023CC3D /* DefaultAdapter.swift in Sources */,
				A099CC3C232F27B10023CC3D /* DefaultKeyStore.swift in Sources */,
				A099CC39232F27B10023CC3D /* Ex+UserDefaults.swift in Sources */,
				A099CC3E232F27B10023CC3D /* DefaultArrayValue.swift in Sources */,
				A099CC3D232F27B10023CC3D /* DefaultValue.swift in Sources */,
				A099CC38232F27B10023CC3D /* UserDefault.swift in Sources */,
				A099CC37232F27B10023CC3D /* DefaultKey.swift in Sources */,
				A099CC3A232F27B10023CC3D /* DefaultPolicy.swift in Sources */,
			);
			runOnlyForDeploymentPostprocessing = 0;
		};
		A099CC41232F29C60023CC3D /* Sources */ = {
			isa = PBXSourcesBuildPhase;
			buildActionMask = 2147483647;
			files = (
				A099CC51232F29FE0023CC3D /* DefaultAdapter.swift in Sources */,
				A099CC52232F29FE0023CC3D /* DefaultKeyStore.swift in Sources */,
				A099CC4F232F29FE0023CC3D /* Ex+UserDefaults.swift in Sources */,
				A099CC54232F29FE0023CC3D /* DefaultArrayValue.swift in Sources */,
				A099CC53232F29FE0023CC3D /* DefaultValue.swift in Sources */,
				A099CC4E232F29FE0023CC3D /* UserDefault.swift in Sources */,
				A099CC4D232F29FE0023CC3D /* DefaultKey.swift in Sources */,
				A099CC50232F29FE0023CC3D /* DefaultPolicy.swift in Sources */,
			);
			runOnlyForDeploymentPostprocessing = 0;
		};
/* End PBXSourcesBuildPhase section */

/* Begin PBXTargetDependency section */
		A010E062232F1F010003E524 /* PBXTargetDependency */ = {
			isa = PBXTargetDependency;
			target = A010E055232F1F010003E524 /* AnyUserDefaults iOS */;
			targetProxy = A010E061232F1F010003E524 /* PBXContainerItemProxy */;
		};
/* End PBXTargetDependency section */

/* Begin XCBuildConfiguration section */
		A010E068232F1F010003E524 /* Debug */ = {
			isa = XCBuildConfiguration;
			buildSettings = {
				ALWAYS_SEARCH_USER_PATHS = NO;
				CLANG_ANALYZER_NONNULL = YES;
				CLANG_ANALYZER_NUMBER_OBJECT_CONVERSION = YES_AGGRESSIVE;
				CLANG_CXX_LANGUAGE_STANDARD = "gnu++14";
				CLANG_CXX_LIBRARY = "libc++";
				CLANG_ENABLE_MODULES = YES;
				CLANG_ENABLE_OBJC_ARC = YES;
				CLANG_ENABLE_OBJC_WEAK = YES;
				CLANG_WARN_BLOCK_CAPTURE_AUTORELEASING = YES;
				CLANG_WARN_BOOL_CONVERSION = YES;
				CLANG_WARN_COMMA = YES;
				CLANG_WARN_CONSTANT_CONVERSION = YES;
				CLANG_WARN_DEPRECATED_OBJC_IMPLEMENTATIONS = YES;
				CLANG_WARN_DIRECT_OBJC_ISA_USAGE = YES_ERROR;
				CLANG_WARN_DOCUMENTATION_COMMENTS = YES;
				CLANG_WARN_EMPTY_BODY = YES;
				CLANG_WARN_ENUM_CONVERSION = YES;
				CLANG_WARN_INFINITE_RECURSION = YES;
				CLANG_WARN_INT_CONVERSION = YES;
				CLANG_WARN_NON_LITERAL_NULL_CONVERSION = YES;
				CLANG_WARN_OBJC_IMPLICIT_RETAIN_SELF = YES;
				CLANG_WARN_OBJC_LITERAL_CONVERSION = YES;
				CLANG_WARN_OBJC_ROOT_CLASS = YES_ERROR;
				CLANG_WARN_RANGE_LOOP_ANALYSIS = YES;
				CLANG_WARN_STRICT_PROTOTYPES = YES;
				CLANG_WARN_SUSPICIOUS_MOVE = YES;
				CLANG_WARN_UNGUARDED_AVAILABILITY = YES_AGGRESSIVE;
				CLANG_WARN_UNREACHABLE_CODE = YES;
				CLANG_WARN__DUPLICATE_METHOD_MATCH = YES;
				COPY_PHASE_STRIP = NO;
				CURRENT_PROJECT_VERSION = 1;
				DEBUG_INFORMATION_FORMAT = dwarf;
				ENABLE_STRICT_OBJC_MSGSEND = YES;
				ENABLE_TESTABILITY = YES;
				GCC_C_LANGUAGE_STANDARD = gnu11;
				GCC_DYNAMIC_NO_PIC = NO;
				GCC_NO_COMMON_BLOCKS = YES;
				GCC_OPTIMIZATION_LEVEL = 0;
				GCC_PREPROCESSOR_DEFINITIONS = (
					"DEBUG=1",
					"$(inherited)",
				);
				GCC_WARN_64_TO_32_BIT_CONVERSION = YES;
				GCC_WARN_ABOUT_RETURN_TYPE = YES_ERROR;
				GCC_WARN_UNDECLARED_SELECTOR = YES;
				GCC_WARN_UNINITIALIZED_AUTOS = YES_AGGRESSIVE;
				GCC_WARN_UNUSED_FUNCTION = YES;
				GCC_WARN_UNUSED_VARIABLE = YES;
				IPHONEOS_DEPLOYMENT_TARGET = 13.0;
				MTL_ENABLE_DEBUG_INFO = INCLUDE_SOURCE;
				MTL_FAST_MATH = YES;
				ONLY_ACTIVE_ARCH = YES;
				SDKROOT = iphoneos;
				SWIFT_ACTIVE_COMPILATION_CONDITIONS = DEBUG;
				SWIFT_OPTIMIZATION_LEVEL = "-Onone";
				VERSIONING_SYSTEM = "apple-generic";
				VERSION_INFO_PREFIX = "";
			};
			name = Debug;
		};
		A010E069232F1F010003E524 /* Release */ = {
			isa = XCBuildConfiguration;
			buildSettings = {
				ALWAYS_SEARCH_USER_PATHS = NO;
				CLANG_ANALYZER_NONNULL = YES;
				CLANG_ANALYZER_NUMBER_OBJECT_CONVERSION = YES_AGGRESSIVE;
				CLANG_CXX_LANGUAGE_STANDARD = "gnu++14";
				CLANG_CXX_LIBRARY = "libc++";
				CLANG_ENABLE_MODULES = YES;
				CLANG_ENABLE_OBJC_ARC = YES;
				CLANG_ENABLE_OBJC_WEAK = YES;
				CLANG_WARN_BLOCK_CAPTURE_AUTORELEASING = YES;
				CLANG_WARN_BOOL_CONVERSION = YES;
				CLANG_WARN_COMMA = YES;
				CLANG_WARN_CONSTANT_CONVERSION = YES;
				CLANG_WARN_DEPRECATED_OBJC_IMPLEMENTATIONS = YES;
				CLANG_WARN_DIRECT_OBJC_ISA_USAGE = YES_ERROR;
				CLANG_WARN_DOCUMENTATION_COMMENTS = YES;
				CLANG_WARN_EMPTY_BODY = YES;
				CLANG_WARN_ENUM_CONVERSION = YES;
				CLANG_WARN_INFINITE_RECURSION = YES;
				CLANG_WARN_INT_CONVERSION = YES;
				CLANG_WARN_NON_LITERAL_NULL_CONVERSION = YES;
				CLANG_WARN_OBJC_IMPLICIT_RETAIN_SELF = YES;
				CLANG_WARN_OBJC_LITERAL_CONVERSION = YES;
				CLANG_WARN_OBJC_ROOT_CLASS = YES_ERROR;
				CLANG_WARN_RANGE_LOOP_ANALYSIS = YES;
				CLANG_WARN_STRICT_PROTOTYPES = YES;
				CLANG_WARN_SUSPICIOUS_MOVE = YES;
				CLANG_WARN_UNGUARDED_AVAILABILITY = YES_AGGRESSIVE;
				CLANG_WARN_UNREACHABLE_CODE = YES;
				CLANG_WARN__DUPLICATE_METHOD_MATCH = YES;
				COPY_PHASE_STRIP = NO;
				CURRENT_PROJECT_VERSION = 1;
				DEBUG_INFORMATION_FORMAT = "dwarf-with-dsym";
				ENABLE_NS_ASSERTIONS = NO;
				ENABLE_STRICT_OBJC_MSGSEND = YES;
				GCC_C_LANGUAGE_STANDARD = gnu11;
				GCC_NO_COMMON_BLOCKS = YES;
				GCC_WARN_64_TO_32_BIT_CONVERSION = YES;
				GCC_WARN_ABOUT_RETURN_TYPE = YES_ERROR;
				GCC_WARN_UNDECLARED_SELECTOR = YES;
				GCC_WARN_UNINITIALIZED_AUTOS = YES_AGGRESSIVE;
				GCC_WARN_UNUSED_FUNCTION = YES;
				GCC_WARN_UNUSED_VARIABLE = YES;
				IPHONEOS_DEPLOYMENT_TARGET = 13.0;
				MTL_ENABLE_DEBUG_INFO = NO;
				MTL_FAST_MATH = YES;
				SDKROOT = iphoneos;
				SWIFT_COMPILATION_MODE = wholemodule;
				SWIFT_OPTIMIZATION_LEVEL = "-O";
				VALIDATE_PRODUCT = YES;
				VERSIONING_SYSTEM = "apple-generic";
				VERSION_INFO_PREFIX = "";
			};
			name = Release;
		};
		A010E06B232F1F010003E524 /* Debug */ = {
			isa = XCBuildConfiguration;
			buildSettings = {
				APPLICATION_EXTENSION_API_ONLY = YES;
				CODE_SIGN_STYLE = Automatic;
				DEFINES_MODULE = YES;
				DEVELOPMENT_TEAM = 7SA22A9L3L;
				DYLIB_COMPATIBILITY_VERSION = 1;
				DYLIB_CURRENT_VERSION = 1;
				DYLIB_INSTALL_NAME_BASE = "@rpath";
				INFOPLIST_FILE = Sources/AnyUserDefaults/Info.plist;
				INSTALL_PATH = "$(LOCAL_LIBRARY_DIR)/Frameworks";
				IPHONEOS_DEPLOYMENT_TARGET = 10.0;
				LD_RUNPATH_SEARCH_PATHS = (
					"$(inherited)",
					"@executable_path/Frameworks",
					"@loader_path/Frameworks",
				);
				MARKETING_VERSION = 1.0.1;
				PRODUCT_BUNDLE_IDENTIFIER = com.anotheren.AnyUserDefaults;
				PRODUCT_MODULE_NAME = AnyUserDefaults;
				PRODUCT_NAME = AnyUserDefaults;
				SKIP_INSTALL = YES;
				SWIFT_VERSION = 5.0;
				TARGETED_DEVICE_FAMILY = "1,2";
			};
			name = Debug;
		};
		A010E06C232F1F010003E524 /* Release */ = {
			isa = XCBuildConfiguration;
			buildSettings = {
				APPLICATION_EXTENSION_API_ONLY = YES;
				CODE_SIGN_STYLE = Automatic;
				DEFINES_MODULE = YES;
				DEVELOPMENT_TEAM = 7SA22A9L3L;
				DYLIB_COMPATIBILITY_VERSION = 1;
				DYLIB_CURRENT_VERSION = 1;
				DYLIB_INSTALL_NAME_BASE = "@rpath";
				INFOPLIST_FILE = Sources/AnyUserDefaults/Info.plist;
				INSTALL_PATH = "$(LOCAL_LIBRARY_DIR)/Frameworks";
				IPHONEOS_DEPLOYMENT_TARGET = 10.0;
				LD_RUNPATH_SEARCH_PATHS = (
					"$(inherited)",
					"@executable_path/Frameworks",
					"@loader_path/Frameworks",
				);
				MARKETING_VERSION = 1.0.1;
				PRODUCT_BUNDLE_IDENTIFIER = com.anotheren.AnyUserDefaults;
				PRODUCT_MODULE_NAME = AnyUserDefaults;
				PRODUCT_NAME = AnyUserDefaults;
				SKIP_INSTALL = YES;
				SWIFT_VERSION = 5.0;
				TARGETED_DEVICE_FAMILY = "1,2";
			};
			name = Release;
		};
		A010E06E232F1F010003E524 /* Debug */ = {
			isa = XCBuildConfiguration;
			buildSettings = {
				ALWAYS_EMBED_SWIFT_STANDARD_LIBRARIES = YES;
				CODE_SIGN_STYLE = Automatic;
				DEVELOPMENT_TEAM = 7SA22A9L3L;
				INFOPLIST_FILE = Tests/AnyUserDefaultsTests/Info.plist;
				LD_RUNPATH_SEARCH_PATHS = (
					"$(inherited)",
					"@executable_path/Frameworks",
					"@loader_path/Frameworks",
				);
				PRODUCT_BUNDLE_IDENTIFIER = com.anotheren.AnyUserDefaultsTests;
				PRODUCT_NAME = "$(TARGET_NAME)";
				SWIFT_VERSION = 5.0;
				TARGETED_DEVICE_FAMILY = "1,2";
			};
			name = Debug;
		};
		A010E06F232F1F010003E524 /* Release */ = {
			isa = XCBuildConfiguration;
			buildSettings = {
				ALWAYS_EMBED_SWIFT_STANDARD_LIBRARIES = YES;
				CODE_SIGN_STYLE = Automatic;
				DEVELOPMENT_TEAM = 7SA22A9L3L;
				INFOPLIST_FILE = Tests/AnyUserDefaultsTests/Info.plist;
				LD_RUNPATH_SEARCH_PATHS = (
					"$(inherited)",
					"@executable_path/Frameworks",
					"@loader_path/Frameworks",
				);
				PRODUCT_BUNDLE_IDENTIFIER = com.anotheren.AnyUserDefaultsTests;
				PRODUCT_NAME = "$(TARGET_NAME)";
				SWIFT_VERSION = 5.0;
				TARGETED_DEVICE_FAMILY = "1,2";
			};
			name = Release;
		};
		A057B39B232F23EC0092A572 /* Debug */ = {
			isa = XCBuildConfiguration;
			buildSettings = {
				APPLICATION_EXTENSION_API_ONLY = YES;
				CODE_SIGN_STYLE = Automatic;
				COMBINE_HIDPI_IMAGES = YES;
				DEFINES_MODULE = YES;
				DEVELOPMENT_TEAM = 7SA22A9L3L;
				DYLIB_COMPATIBILITY_VERSION = 1;
				DYLIB_CURRENT_VERSION = 1;
				DYLIB_INSTALL_NAME_BASE = "@rpath";
				INFOPLIST_FILE = Sources/AnyUserDefaults/Info.plist;
				INSTALL_PATH = "$(LOCAL_LIBRARY_DIR)/Frameworks";
				LD_RUNPATH_SEARCH_PATHS = (
					"$(inherited)",
					"@executable_path/../Frameworks",
					"@loader_path/Frameworks",
				);
				MACOSX_DEPLOYMENT_TARGET = 10.12;
				MARKETING_VERSION = 1.0.1;
				PRODUCT_BUNDLE_IDENTIFIER = com.anotheren.AnyUserDefaults;
				PRODUCT_MODULE_NAME = AnyUserDefaults;
				PRODUCT_NAME = AnyUserDefaults;
				SDKROOT = macosx;
				SKIP_INSTALL = YES;
				SWIFT_VERSION = 5.0;
			};
			name = Debug;
		};
		A057B39C232F23EC0092A572 /* Release */ = {
			isa = XCBuildConfiguration;
			buildSettings = {
				APPLICATION_EXTENSION_API_ONLY = YES;
				CODE_SIGN_STYLE = Automatic;
				COMBINE_HIDPI_IMAGES = YES;
				DEFINES_MODULE = YES;
				DEVELOPMENT_TEAM = 7SA22A9L3L;
				DYLIB_COMPATIBILITY_VERSION = 1;
				DYLIB_CURRENT_VERSION = 1;
				DYLIB_INSTALL_NAME_BASE = "@rpath";
				INFOPLIST_FILE = Sources/AnyUserDefaults/Info.plist;
				INSTALL_PATH = "$(LOCAL_LIBRARY_DIR)/Frameworks";
				LD_RUNPATH_SEARCH_PATHS = (
					"$(inherited)",
					"@executable_path/../Frameworks",
					"@loader_path/Frameworks",
				);
				MACOSX_DEPLOYMENT_TARGET = 10.12;
				MARKETING_VERSION = 1.0.1;
				PRODUCT_BUNDLE_IDENTIFIER = com.anotheren.AnyUserDefaults;
				PRODUCT_MODULE_NAME = AnyUserDefaults;
				PRODUCT_NAME = AnyUserDefaults;
				SDKROOT = macosx;
				SKIP_INSTALL = YES;
				SWIFT_VERSION = 5.0;
			};
			name = Release;
		};
		A099CC34232F26FC0023CC3D /* Debug */ = {
			isa = XCBuildConfiguration;
			buildSettings = {
				APPLICATION_EXTENSION_API_ONLY = YES;
				CODE_SIGN_STYLE = Automatic;
				DEFINES_MODULE = YES;
				DEVELOPMENT_TEAM = 7SA22A9L3L;
				DYLIB_COMPATIBILITY_VERSION = 1;
				DYLIB_CURRENT_VERSION = 1;
				DYLIB_INSTALL_NAME_BASE = "@rpath";
				INFOPLIST_FILE = Sources/AnyUserDefaults/Info.plist;
				INSTALL_PATH = "$(LOCAL_LIBRARY_DIR)/Frameworks";
				LD_RUNPATH_SEARCH_PATHS = (
					"$(inherited)",
					"@executable_path/Frameworks",
					"@loader_path/Frameworks",
				);
				MARKETING_VERSION = 1.0.1;
				PRODUCT_BUNDLE_IDENTIFIER = com.anotheren.AnyUserDefaults;
				PRODUCT_MODULE_NAME = AnyUserDefaults;
				PRODUCT_NAME = AnyUserDefaults;
				SDKROOT = watchos;
				SKIP_INSTALL = YES;
				SWIFT_VERSION = 5.0;
				TARGETED_DEVICE_FAMILY = 4;
				WATCHOS_DEPLOYMENT_TARGET = 3.0;
			};
			name = Debug;
		};
		A099CC35232F26FC0023CC3D /* Release */ = {
			isa = XCBuildConfiguration;
			buildSettings = {
				APPLICATION_EXTENSION_API_ONLY = YES;
				CODE_SIGN_STYLE = Automatic;
				DEFINES_MODULE = YES;
				DEVELOPMENT_TEAM = 7SA22A9L3L;
				DYLIB_COMPATIBILITY_VERSION = 1;
				DYLIB_CURRENT_VERSION = 1;
				DYLIB_INSTALL_NAME_BASE = "@rpath";
				INFOPLIST_FILE = Sources/AnyUserDefaults/Info.plist;
				INSTALL_PATH = "$(LOCAL_LIBRARY_DIR)/Frameworks";
				LD_RUNPATH_SEARCH_PATHS = (
					"$(inherited)",
					"@executable_path/Frameworks",
					"@loader_path/Frameworks",
				);
				MARKETING_VERSION = 1.0.1;
				PRODUCT_BUNDLE_IDENTIFIER = com.anotheren.AnyUserDefaults;
				PRODUCT_MODULE_NAME = AnyUserDefaults;
				PRODUCT_NAME = AnyUserDefaults;
				SDKROOT = watchos;
				SKIP_INSTALL = YES;
				SWIFT_VERSION = 5.0;
				TARGETED_DEVICE_FAMILY = 4;
				WATCHOS_DEPLOYMENT_TARGET = 3.0;
			};
			name = Release;
		};
		A099CC4B232F29C60023CC3D /* Debug */ = {
			isa = XCBuildConfiguration;
			buildSettings = {
				APPLICATION_EXTENSION_API_ONLY = YES;
				CODE_SIGN_STYLE = Automatic;
				DEFINES_MODULE = YES;
				DEVELOPMENT_TEAM = 7SA22A9L3L;
				DYLIB_COMPATIBILITY_VERSION = 1;
				DYLIB_CURRENT_VERSION = 1;
				DYLIB_INSTALL_NAME_BASE = "@rpath";
				INFOPLIST_FILE = Sources/AnyUserDefaults/Info.plist;
				INSTALL_PATH = "$(LOCAL_LIBRARY_DIR)/Frameworks";
				LD_RUNPATH_SEARCH_PATHS = (
					"$(inherited)",
					"@executable_path/Frameworks",
					"@loader_path/Frameworks",
				);
				MARKETING_VERSION = 1.0.1;
				PRODUCT_BUNDLE_IDENTIFIER = com.anotheren.AnyUserDefaults;
				PRODUCT_MODULE_NAME = AnyUserDefaults;
				PRODUCT_NAME = AnyUserDefaults;
				SDKROOT = appletvos;
				SKIP_INSTALL = YES;
				SWIFT_VERSION = 5.0;
				TARGETED_DEVICE_FAMILY = 3;
				TVOS_DEPLOYMENT_TARGET = 10.0;
			};
			name = Debug;
		};
		A099CC4C232F29C60023CC3D /* Release */ = {
			isa = XCBuildConfiguration;
			buildSettings = {
				APPLICATION_EXTENSION_API_ONLY = YES;
				CODE_SIGN_STYLE = Automatic;
				DEFINES_MODULE = YES;
				DEVELOPMENT_TEAM = 7SA22A9L3L;
				DYLIB_COMPATIBILITY_VERSION = 1;
				DYLIB_CURRENT_VERSION = 1;
				DYLIB_INSTALL_NAME_BASE = "@rpath";
				INFOPLIST_FILE = Sources/AnyUserDefaults/Info.plist;
				INSTALL_PATH = "$(LOCAL_LIBRARY_DIR)/Frameworks";
				LD_RUNPATH_SEARCH_PATHS = (
					"$(inherited)",
					"@executable_path/Frameworks",
					"@loader_path/Frameworks",
				);
				MARKETING_VERSION = 1.0.1;
				PRODUCT_BUNDLE_IDENTIFIER = com.anotheren.AnyUserDefaults;
				PRODUCT_MODULE_NAME = AnyUserDefaults;
				PRODUCT_NAME = AnyUserDefaults;
				SDKROOT = appletvos;
				SKIP_INSTALL = YES;
				SWIFT_VERSION = 5.0;
				TARGETED_DEVICE_FAMILY = 3;
				TVOS_DEPLOYMENT_TARGET = 10.0;
			};
			name = Release;
		};
/* End XCBuildConfiguration section */

/* Begin XCConfigurationList section */
		A010E050232F1F010003E524 /* Build configuration list for PBXProject "AnyUserDefaults" */ = {
			isa = XCConfigurationList;
			buildConfigurations = (
				A010E068232F1F010003E524 /* Debug */,
				A010E069232F1F010003E524 /* Release */,
			);
			defaultConfigurationIsVisible = 0;
			defaultConfigurationName = Release;
		};
		A010E06A232F1F010003E524 /* Build configuration list for PBXNativeTarget "AnyUserDefaults iOS" */ = {
			isa = XCConfigurationList;
			buildConfigurations = (
				A010E06B232F1F010003E524 /* Debug */,
				A010E06C232F1F010003E524 /* Release */,
			);
			defaultConfigurationIsVisible = 0;
			defaultConfigurationName = Release;
		};
		A010E06D232F1F010003E524 /* Build configuration list for PBXNativeTarget "AnyUserDefaultsTests" */ = {
			isa = XCConfigurationList;
			buildConfigurations = (
				A010E06E232F1F010003E524 /* Debug */,
				A010E06F232F1F010003E524 /* Release */,
			);
			defaultConfigurationIsVisible = 0;
			defaultConfigurationName = Release;
		};
		A057B39A232F23EC0092A572 /* Build configuration list for PBXNativeTarget "AnyUserDefaults macOS" */ = {
			isa = XCConfigurationList;
			buildConfigurations = (
				A057B39B232F23EC0092A572 /* Debug */,
				A057B39C232F23EC0092A572 /* Release */,
			);
			defaultConfigurationIsVisible = 0;
			defaultConfigurationName = Release;
		};
		A099CC36232F26FC0023CC3D /* Build configuration list for PBXNativeTarget "AnyUserDefaults watchOS" */ = {
			isa = XCConfigurationList;
			buildConfigurations = (
				A099CC34232F26FC0023CC3D /* Debug */,
				A099CC35232F26FC0023CC3D /* Release */,
			);
			defaultConfigurationIsVisible = 0;
			defaultConfigurationName = Release;
		};
		A099CC4A232F29C60023CC3D /* Build configuration list for PBXNativeTarget "AnyUserDefaults tvOS" */ = {
			isa = XCConfigurationList;
			buildConfigurations = (
				A099CC4B232F29C60023CC3D /* Debug */,
				A099CC4C232F29C60023CC3D /* Release */,
			);
			defaultConfigurationIsVisible = 0;
			defaultConfigurationName = Release;
		};
/* End XCConfigurationList section */
	};
	rootObject = A010E04D232F1F010003E524 /* Project object */;
}
